
Microsoft Visual Studio Solution File, Format Version 12.00
# Visual Studio 15
Project("{FAE04EC0-301F-11D3-BF4B-00C04F79EFBC}") = "Assembly-CSharp", "Assembly-CSharp.csproj", "{F59B6924-D07D-30F1-9000-FDA9AF9A9707}"
EndProject
Global
	GlobalSection(SolutionConfigurationPlatforms) = preSolution
		Debug|Any CPU = Debug|Any CPU
		Release|Any CPU = Release|Any CPU
	EndGlobalSection
	GlobalSection(ProjectConfigurationPlatforms) = postSolution
		{F59B6924-D07D-30F1-9000-FDA9AF9A9707}.Debug|Any CPU.ActiveCfg = Debug|Any CPU
		{F59B6924-D07D-30F1-9000-FDA9AF9A9707}.Debug|Any CPU.Build.0 = Debug|Any CPU
		{F59B6924-D07D-30F1-9000-FDA9AF9A9707}.Release|Any CPU.ActiveCfg = Release|Any CPU
		{F59B6924-D07D-30F1-9000-FDA9AF9A9707}.Release|Any CPU.Build.0 = Release|Any CPU
	EndGlobalSection
	GlobalSection(SolutionProperties) = preSolution
		HideSolutionNode = FALSE
	EndGlobalSection
EndGlobal
